
Microsoft Visual Studio Solution File, Format Version 12.00
# Visual Studio 15
VisualStudioVersion = 15.0.28307.757
MinimumVisualStudioVersion = 10.0.40219.1
Project("{2150E333-8FDC-42A3-9474-1A3956D46DE8}") = "DbFirst", "DbFirst", "{8C8009EC-B121-4E4D-913C-7C6D8EF02272}"
EndProject
Project("{FAE04EC0-301F-11D3-BF4B-00C04F79EFBC}") = "DbFirstDemo1", "DbFirstDemo1\DbFirstDemo1.csproj", "{D2E80947-B4ED-49B9-BE7C-47DA0190AD70}"
EndProject
Project("{FAE04EC0-301F-11D3-BF4B-00C04F79EFBC}") = "EfdbEmptyProj", "EfdbEmptyProj\EfdbEmptyProj.csproj", "{B80FBD55-273E-46C4-BB34-B5025372E16A}"
EndProject
Project("{2150E333-8FDC-42A3-9474-1A3956D46DE8}") = "CodeFirst", "CodeFirst", "{738F781D-0B51-44CD-8CE6-A967E9AA7663}"
EndProject
Project("{FAE04EC0-301F-11D3-BF4B-00C04F79EFBC}") = "CodeFirstDemo", "CodeFirstDemo\CodeFirstDemo.csproj", "{0F4D7468-BA81-4C9A-8B97-76FD5A386625}"
EndProject
Project("{FAE04EC0-301F-11D3-BF4B-00C04F79EFBC}") = "CodeFirstFromDb", "CodeFirstFromDb\CodeFirstFromDb.csproj", "{0A3B9F72-B5A3-4B48-81D2-F0B387CA73CD}"
EndProject
Project("{FAE04EC0-301F-11D3-BF4B-00C04F79EFBC}") = "NavigationPropDemo", "NavigationPropDemo\NavigationPropDemo.csproj", "{D2A90B25-437E-4EC0-AA36-E33D93F3D435}"
EndProject
Project("{FAE04EC0-301F-11D3-BF4B-00C04F79EFBC}") = "EfDbTracingSql", "EfDbTracingSql\EfDbTracingSql.csproj", "{C1ECECA4-2521-41D3-9363-2F4A182510D3}"
EndProject
Project("{FAE04EC0-301F-11D3-BF4B-00C04F79EFBC}") = "BatchInserDemo", "BatchInserDemo\BatchInserDemo.csproj", "{1221F665-0C55-48E7-948F-FEE662CBB547}"
EndProject
Project("{FAE04EC0-301F-11D3-BF4B-00C04F79EFBC}") = "EfTransactionDemo", "EfTransactionDemo\EfTransactionDemo.csproj", "{AC1AFAA2-1F17-49FB-A1AB-5D40B2CFC6DD}"
EndProject
Project("{FAE04EC0-301F-11D3-BF4B-00C04F79EFBC}") = "ExeclProcedure", "ExeclProcedure\ExeclProcedure.csproj", "{AD0BCE3C-E746-4AA2-AD6E-92929194EB73}"
EndProject
Global
	GlobalSection(SolutionConfigurationPlatforms) = preSolution
		Debug|Any CPU = Debug|Any CPU
		Release|Any CPU = Release|Any CPU
	EndGlobalSection
	GlobalSection(ProjectConfigurationPlatforms) = postSolution
		{D2E80947-B4ED-49B9-BE7C-47DA0190AD70}.Debug|Any CPU.ActiveCfg = Debug|Any CPU
		{D2E80947-B4ED-49B9-BE7C-47DA0190AD70}.Debug|Any CPU.Build.0 = Debug|Any CPU
		{D2E80947-B4ED-49B9-BE7C-47DA0190AD70}.Release|Any CPU.ActiveCfg = Release|Any CPU
		{D2E80947-B4ED-49B9-BE7C-47DA0190AD70}.Release|Any CPU.Build.0 = Release|Any CPU
		{B80FBD55-273E-46C4-BB34-B5025372E16A}.Debug|Any CPU.ActiveCfg = Debug|Any CPU
		{B80FBD55-273E-46C4-BB34-B5025372E16A}.Debug|Any CPU.Build.0 = Debug|Any CPU
		{B80FBD55-273E-46C4-BB34-B5025372E16A}.Release|Any CPU.ActiveCfg = Release|Any CPU
		{B80FBD55-273E-46C4-BB34-B5025372E16A}.Release|Any CPU.Build.0 = Release|Any CPU
		{0F4D7468-BA81-4C9A-8B97-76FD5A386625}.Debug|Any CPU.ActiveCfg = Debug|Any CPU
		{0F4D7468-BA81-4C9A-8B97-76FD5A386625}.Debug|Any CPU.Build.0 = Debug|Any CPU
		{0F4D7468-BA81-4C9A-8B97-76FD5A386625}.Release|Any CPU.ActiveCfg = Release|Any CPU
		{0F4D7468-BA81-4C9A-8B97-76FD5A386625}.Release|Any CPU.Build.0 = Release|Any CPU
		{0A3B9F72-B5A3-4B48-81D2-F0B387CA73CD}.Debug|Any CPU.ActiveCfg = Debug|Any CPU
		{0A3B9F72-B5A3-4B48-81D2-F0B387CA73CD}.Debug|Any CPU.Build.0 = Debug|Any CPU
		{0A3B9F72-B5A3-4B48-81D2-F0B387CA73CD}.Release|Any CPU.ActiveCfg = Release|Any CPU
		{0A3B9F72-B5A3-4B48-81D2-F0B387CA73CD}.Release|Any CPU.Build.0 = Release|Any CPU
		{D2A90B25-437E-4EC0-AA36-E33D93F3D435}.Debug|Any CPU.ActiveCfg = Debug|Any CPU
		{D2A90B25-437E-4EC0-AA36-E33D93F3D435}.Debug|Any CPU.Build.0 = Debug|Any CPU
		{D2A90B25-437E-4EC0-AA36-E33D93F3D435}.Release|Any CPU.ActiveCfg = Release|Any CPU
		{D2A90B25-437E-4EC0-AA36-E33D93F3D435}.Release|Any CPU.Build.0 = Release|Any CPU
		{C1ECECA4-2521-41D3-9363-2F4A182510D3}.Debug|Any CPU.ActiveCfg = Debug|Any CPU
		{C1ECECA4-2521-41D3-9363-2F4A182510D3}.Debug|Any CPU.Build.0 = Debug|Any CPU
		{C1ECECA4-2521-41D3-9363-2F4A182510D3}.Release|Any CPU.ActiveCfg = Release|Any CPU
		{C1ECECA4-2521-41D3-9363-2F4A182510D3}.Release|Any CPU.Build.0 = Release|Any CPU
		{1221F665-0C55-48E7-948F-FEE662CBB547}.Debug|Any CPU.ActiveCfg = Debug|Any CPU
		{1221F665-0C55-48E7-948F-FEE662CBB547}.Debug|Any CPU.Build.0 = Debug|Any CPU
		{1221F665-0C55-48E7-948F-FEE662CBB547}.Release|Any CPU.ActiveCfg = Release|Any CPU
		{1221F665-0C55-48E7-948F-FEE662CBB547}.Release|Any CPU.Build.0 = Release|Any CPU
		{AC1AFAA2-1F17-49FB-A1AB-5D40B2CFC6DD}.Debug|Any CPU.ActiveCfg = Debug|Any CPU
		{AC1AFAA2-1F17-49FB-A1AB-5D40B2CFC6DD}.Debug|Any CPU.Build.0 = Debug|Any CPU
		{AC1AFAA2-1F17-49FB-A1AB-5D40B2CFC6DD}.Release|Any CPU.ActiveCfg = Release|Any CPU
		{AC1AFAA2-1F17-49FB-A1AB-5D40B2CFC6DD}.Release|Any CPU.Build.0 = Release|Any CPU
		{AD0BCE3C-E746-4AA2-AD6E-92929194EB73}.Debug|Any CPU.ActiveCfg = Debug|Any CPU
		{AD0BCE3C-E746-4AA2-AD6E-92929194EB73}.Debug|Any CPU.Build.0 = Debug|Any CPU
		{AD0BCE3C-E746-4AA2-AD6E-92929194EB73}.Release|Any CPU.ActiveCfg = Release|Any CPU
		{AD0BCE3C-E746-4AA2-AD6E-92929194EB73}.Release|Any CPU.Build.0 = Release|Any CPU
	EndGlobalSection
	GlobalSection(SolutionProperties) = preSolution
		HideSolutionNode = FALSE
	EndGlobalSection
	GlobalSection(NestedProjects) = preSolution
		{D2E80947-B4ED-49B9-BE7C-47DA0190AD70} = {8C8009EC-B121-4E4D-913C-7C6D8EF02272}
		{B80FBD55-273E-46C4-BB34-B5025372E16A} = {8C8009EC-B121-4E4D-913C-7C6D8EF02272}
		{0F4D7468-BA81-4C9A-8B97-76FD5A386625} = {738F781D-0B51-44CD-8CE6-A967E9AA7663}
		{0A3B9F72-B5A3-4B48-81D2-F0B387CA73CD} = {738F781D-0B51-44CD-8CE6-A967E9AA7663}
		{D2A90B25-437E-4EC0-AA36-E33D93F3D435} = {738F781D-0B51-44CD-8CE6-A967E9AA7663}
		{C1ECECA4-2521-41D3-9363-2F4A182510D3} = {738F781D-0B51-44CD-8CE6-A967E9AA7663}
		{1221F665-0C55-48E7-948F-FEE662CBB547} = {738F781D-0B51-44CD-8CE6-A967E9AA7663}
		{AC1AFAA2-1F17-49FB-A1AB-5D40B2CFC6DD} = {8C8009EC-B121-4E4D-913C-7C6D8EF02272}
		{AD0BCE3C-E746-4AA2-AD6E-92929194EB73} = {8C8009EC-B121-4E4D-913C-7C6D8EF02272}
	EndGlobalSection
	GlobalSection(ExtensibilityGlobals) = postSolution
		SolutionGuid = {C4BE6DE4-C47F-466C-8F37-F505C79DAAE8}
	EndGlobalSection
EndGlobal
